// !$*UTF8*$!
{
	archiveVersion = 1;
	classes = {
	};
	objectVersion = 50;
	objects = {

/* Begin PBXBuildFile section */
		54C01ADC210A0522006F2840 /* EnumTest.swift in Sources */ = {isa = PBXBuildFile; fileRef = 54C01ADB210A0522006F2840 /* EnumTest.swift */; };
		54CD821A20E38E43003F3DE0 /* ArrayExt.swift in Sources */ = {isa = PBXBuildFile; fileRef = 54CD821920E38E42003F3DE0 /* ArrayExt.swift */; };
		8A54276020E8A4B5004C43ED /* SessionOne.swift in Sources */ = {isa = PBXBuildFile; fileRef = 8A54275F20E8A4B5004C43ED /* SessionOne.swift */; };
		8AE169A120DF903000601C49 /* ShipRegion.swift in Sources */ = {isa = PBXBuildFile; fileRef = 8AE169A020DF903000601C49 /* ShipRegion.swift */; };
		8AE169A320DF912A00601C49 /* ImageExt.swift in Sources */ = {isa = PBXBuildFile; fileRef = 8AE169A220DF912A00601C49 /* ImageExt.swift */; };
		EE28E00820C3CAFA003969D1 /* AppDelegate.swift in Sources */ = {isa = PBXBuildFile; fileRef = EE28E00720C3CAFA003969D1 /* AppDelegate.swift */; };
		EE28E00A20C3CAFA003969D1 /* ViewController.swift in Sources */ = {isa = PBXBuildFile; fileRef = EE28E00920C3CAFA003969D1 /* ViewController.swift */; };
		EE28E00D20C3CAFA003969D1 /* Main.storyboard in Resources */ = {isa = PBXBuildFile; fileRef = EE28E00B20C3CAFA003969D1 /* Main.storyboard */; };
		EE28E00F20C3CAFB003969D1 /* Assets.xcassets in Resources */ = {isa = PBXBuildFile; fileRef = EE28E00E20C3CAFB003969D1 /* Assets.xcassets */; };
		EE28E01220C3CAFB003969D1 /* LaunchScreen.storyboard in Resources */ = {isa = PBXBuildFile; fileRef = EE28E01020C3CAFB003969D1 /* LaunchScreen.storyboard */; };
		EE28E01D20C3CAFC003969D1 /* FunctionSwiftTestTests.swift in Sources */ = {isa = PBXBuildFile; fileRef = EE28E01C20C3CAFC003969D1 /* FunctionSwiftTestTests.swift */; };
		EE28E02820C3CAFC003969D1 /* FunctionSwiftTestUITests.swift in Sources */ = {isa = PBXBuildFile; fileRef = EE28E02720C3CAFC003969D1 /* FunctionSwiftTestUITests.swift */; };
/* End PBXBuildFile section */

/* Begin PBXContainerItemProxy section */
		EE28E01920C3CAFC003969D1 /* PBXContainerItemProxy */ = {
			isa = PBXContainerItemProxy;
			containerPortal = EE28DFFC20C3CAFA003969D1 /* Project object */;
			proxyType = 1;
			remoteGlobalIDString = EE28E00320C3CAFA003969D1;
			remoteInfo = FunctionSwiftTest;
		};
		EE28E02420C3CAFC003969D1 /* PBXContainerItemProxy */ = {
			isa = PBXContainerItemProxy;
			containerPortal = EE28DFFC20C3CAFA003969D1 /* Project object */;
			proxyType = 1;
			remoteGlobalIDString = EE28E00320C3CAFA003969D1;
			remoteInfo = FunctionSwiftTest;
		};
/* End PBXContainerItemProxy section */

/* Begin PBXFileReference section */
		54C01ADB210A0522006F2840 /* EnumTest.swift */ = {isa = PBXFileReference; lastKnownFileType = sourcecode.swift; path = EnumTest.swift; sourceTree = "<group>"; };
		54CD821920E38E42003F3DE0 /* ArrayExt.swift */ = {isa = PBXFileReference; lastKnownFileType = sourcecode.swift; path = ArrayExt.swift; sourceTree = "<group>"; };
		8A54275F20E8A4B5004C43ED /* SessionOne.swift */ = {isa = PBXFileReference; lastKnownFileType = sourcecode.swift; path = SessionOne.swift; sourceTree = "<group>"; };
		8AE169A020DF903000601C49 /* ShipRegion.swift */ = {isa = PBXFileReference; lastKnownFileType = sourcecode.swift; path = ShipRegion.swift; sourceTree = "<group>"; };
		8AE169A220DF912A00601C49 /* ImageExt.swift */ = {isa = PBXFileReference; lastKnownFileType = sourcecode.swift; path = ImageExt.swift; sourceTree = "<group>"; };
		EE28E00420C3CAFA003969D1 /* FunctionSwiftTest.app */ = {isa = PBXFileReference; explicitFileType = wrapper.application; includeInIndex = 0; path = FunctionSwiftTest.app; sourceTree = BUILT_PRODUCTS_DIR; };
		EE28E00720C3CAFA003969D1 /* AppDelegate.swift */ = {isa = PBXFileReference; lastKnownFileType = sourcecode.swift; path = AppDelegate.swift; sourceTree = "<group>"; };
		EE28E00920C3CAFA003969D1 /* ViewController.swift */ = {isa = PBXFileReference; lastKnownFileType = sourcecode.swift; path = ViewController.swift; sourceTree = "<group>"; };
		EE28E00C20C3CAFA003969D1 /* Base */ = {isa = PBXFileReference; lastKnownFileType = file.storyboard; name = Base; path = Base.lproj/Main.storyboard; sourceTree = "<group>"; };
		EE28E00E20C3CAFB003969D1 /* Assets.xcassets */ = {isa = PBXFileReference; lastKnownFileType = folder.assetcatalog; path = Assets.xcassets; sourceTree = "<group>"; };
		EE28E01120C3CAFB003969D1 /* Base */ = {isa = PBXFileReference; lastKnownFileType = file.storyboard; name = Base; path = Base.lproj/LaunchScreen.storyboard; sourceTree = "<group>"; };
		EE28E01320C3CAFB003969D1 /* Info.plist */ = {isa = PBXFileReference; lastKnownFileType = text.plist.xml; path = Info.plist; sourceTree = "<group>"; };
		EE28E01820C3CAFC003969D1 /* FunctionSwiftTestTests.xctest */ = {isa = PBXFileReference; explicitFileType = wrapper.cfbundle; includeInIndex = 0; path = FunctionSwiftTestTests.xctest; sourceTree = BUILT_PRODUCTS_DIR; };
		EE28E01C20C3CAFC003969D1 /* FunctionSwiftTestTests.swift */ = {isa = PBXFileReference; lastKnownFileType = sourcecode.swift; path = FunctionSwiftTestTests.swift; sourceTree = "<group>"; };
		EE28E01E20C3CAFC003969D1 /* Info.plist */ = {isa = PBXFileReference; lastKnownFileType = text.plist.xml; path = Info.plist; sourceTree = "<group>"; };
		EE28E02320C3CAFC003969D1 /* FunctionSwiftTestUITests.xctest */ = {isa = PBXFileReference; explicitFileType = wrapper.cfbundle; includeInIndex = 0; path = FunctionSwiftTestUITests.xctest; sourceTree = BUILT_PRODUCTS_DIR; };
		EE28E02720C3CAFC003969D1 /* FunctionSwiftTestUITests.swift */ = {isa = PBXFileReference; lastKnownFileType = sourcecode.swift; path = FunctionSwiftTestUITests.swift; sourceTree = "<group>"; };
		EE28E02920C3CAFC003969D1 /* Info.plist */ = {isa = PBXFileReference; lastKnownFileType = text.plist.xml; path = Info.plist; sourceTree = "<group>"; };
/* End PBXFileReference section */

/* Begin PBXFrameworksBuildPhase section */
		EE28E00120C3CAFA003969D1 /* Frameworks */ = {
			isa = PBXFrameworksBuildPhase;
			buildActionMask = 2147483647;
			files = (
			);
			runOnlyForDeploymentPostprocessing = 0;
		};
		EE28E01520C3CAFC003969D1 /* Frameworks */ = {
			isa = PBXFrameworksBuildPhase;
			buildActionMask = 2147483647;
			files = (
			);
			runOnlyForDeploymentPostprocessing = 0;
		};
		EE28E02020C3CAFC003969D1 /* Frameworks */ = {
			isa = PBXFrameworksBuildPhase;
			buildActionMask = 2147483647;
			files = (
			);
			runOnlyForDeploymentPostprocessing = 0;
		};
/* End PBXFrameworksBuildPhase section */

/* Begin PBXGroup section */
		EE28DFFB20C3CAFA003969D1 = {
			isa = PBXGroup;
			children = (
				EE28E00620C3CAFA003969D1 /* FunctionSwiftTest */,
				EE28E01B20C3CAFC003969D1 /* FunctionSwiftTestTests */,
				EE28E02620C3CAFC003969D1 /* FunctionSwiftTestUITests */,
				EE28E00520C3CAFA003969D1 /* Products */,
			);
			sourceTree = "<group>";
		};
		EE28E00520C3CAFA003969D1 /* Products */ = {
			isa = PBXGroup;
			children = (
				EE28E00420C3CAFA003969D1 /* FunctionSwiftTest.app */,
				EE28E01820C3CAFC003969D1 /* FunctionSwiftTestTests.xctest */,
				EE28E02320C3CAFC003969D1 /* FunctionSwiftTestUITests.xctest */,
			);
			name = Products;
			sourceTree = "<group>";
		};
		EE28E00620C3CAFA003969D1 /* FunctionSwiftTest */ = {
			isa = PBXGroup;
			children = (
				EE28E00720C3CAFA003969D1 /* AppDelegate.swift */,
				EE28E00920C3CAFA003969D1 /* ViewController.swift */,
				8AE169A020DF903000601C49 /* ShipRegion.swift */,
				8AE169A220DF912A00601C49 /* ImageExt.swift */,
				54CD821920E38E42003F3DE0 /* ArrayExt.swift */,
				8A54275F20E8A4B5004C43ED /* SessionOne.swift */,
				54C01ADB210A0522006F2840 /* EnumTest.swift */,
				EE28E00B20C3CAFA003969D1 /* Main.storyboard */,
				EE28E00E20C3CAFB003969D1 /* Assets.xcassets */,
				EE28E01020C3CAFB003969D1 /* LaunchScreen.storyboard */,
				EE28E01320C3CAFB003969D1 /* Info.plist */,
			);
			path = FunctionSwiftTest;
			sourceTree = "<group>";
		};
		EE28E01B20C3CAFC003969D1 /* FunctionSwiftTestTests */ = {
			isa = PBXGroup;
			children = (
				EE28E01C20C3CAFC003969D1 /* FunctionSwiftTestTests.swift */,
				EE28E01E20C3CAFC003969D1 /* Info.plist */,
			);
			path = FunctionSwiftTestTests;
			sourceTree = "<group>";
		};
		EE28E02620C3CAFC003969D1 /* FunctionSwiftTestUITests */ = {
			isa = PBXGroup;
			children = (
				EE28E02720C3CAFC003969D1 /* FunctionSwiftTestUITests.swift */,
				EE28E02920C3CAFC003969D1 /* Info.plist */,
			);
			path = FunctionSwiftTestUITests;
			sourceTree = "<group>";
		};
/* End PBXGroup section */

/* Begin PBXNativeTarget section */
		EE28E00320C3CAFA003969D1 /* FunctionSwiftTest */ = {
			isa = PBXNativeTarget;
			buildConfigurationList = EE28E02C20C3CAFC003969D1 /* Build configuration list for PBXNativeTarget "FunctionSwiftTest" */;
			buildPhases = (
				EE28E00020C3CAFA003969D1 /* Sources */,
				EE28E00120C3CAFA003969D1 /* Frameworks */,
				EE28E00220C3CAFA003969D1 /* Resources */,
			);
			buildRules = (
			);
			dependencies = (
			);
			name = FunctionSwiftTest;
			productName = FunctionSwiftTest;
			productReference = EE28E00420C3CAFA003969D1 /* FunctionSwiftTest.app */;
			productType = "com.apple.product-type.application";
		};
		EE28E01720C3CAFC003969D1 /* FunctionSwiftTestTests */ = {
			isa = PBXNativeTarget;
			buildConfigurationList = EE28E02F20C3CAFC003969D1 /* Build configuration list for PBXNativeTarget "FunctionSwiftTestTests" */;
			buildPhases = (
				EE28E01420C3CAFC003969D1 /* Sources */,
				EE28E01520C3CAFC003969D1 /* Frameworks */,
				EE28E01620C3CAFC003969D1 /* Resources */,
			);
			buildRules = (
			);
			dependencies = (
				EE28E01A20C3CAFC003969D1 /* PBXTargetDependency */,
			);
			name = FunctionSwiftTestTests;
			productName = FunctionSwiftTestTests;
			productReference = EE28E01820C3CAFC003969D1 /* FunctionSwiftTestTests.xctest */;
			productType = "com.apple.product-type.bundle.unit-test";
		};
		EE28E02220C3CAFC003969D1 /* FunctionSwiftTestUITests */ = {
			isa = PBXNativeTarget;
			buildConfigurationList = EE28E03220C3CAFC003969D1 /* Build configuration list for PBXNativeTarget "FunctionSwiftTestUITests" */;
			buildPhases = (
				EE28E01F20C3CAFC003969D1 /* Sources */,
				EE28E02020C3CAFC003969D1 /* Frameworks */,
				EE28E02120C3CAFC003969D1 /* Resources */,
			);
			buildRules = (
			);
			dependencies = (
				EE28E02520C3CAFC003969D1 /* PBXTargetDependency */,
			);
			name = FunctionSwiftTestUITests;
			productName = FunctionSwiftTestUITests;
			productReference = EE28E02320C3CAFC003969D1 /* FunctionSwiftTestUITests.xctest */;
			productType = "com.apple.product-type.bundle.ui-testing";
		};
/* End PBXNativeTarget section */

/* Begin PBXProject section */
		EE28DFFC20C3CAFA003969D1 /* Project object */ = {
			isa = PBXProject;
			attributes = {
				LastSwiftUpdateCheck = 0940;
				LastUpgradeCheck = 0940;
				ORGANIZATIONNAME = "great Lock baidu";
				TargetAttributes = {
					EE28E00320C3CAFA003969D1 = {
						CreatedOnToolsVersion = 9.4;
					};
					EE28E01720C3CAFC003969D1 = {
						CreatedOnToolsVersion = 9.4;
						TestTargetID = EE28E00320C3CAFA003969D1;
					};
					EE28E02220C3CAFC003969D1 = {
						CreatedOnToolsVersion = 9.4;
						TestTargetID = EE28E00320C3CAFA003969D1;
					};
				};
			};
			buildConfigurationList = EE28DFFF20C3CAFA003969D1 /* Build configuration list for PBXProject "FunctionSwiftTest" */;
			compatibilityVersion = "Xcode 9.3";
			developmentRegion = en;
			hasScannedForEncodings = 0;
			knownRegions = (
				en,
				Base,
			);
			mainGroup = EE28DFFB20C3CAFA003969D1;
			productRefGroup = EE28E00520C3CAFA003969D1 /* Products */;
			projectDirPath = "";
			projectRoot = "";
			targets = (
				EE28E00320C3CAFA003969D1 /* FunctionSwiftTest */,
				EE28E01720C3CAFC003969D1 /* FunctionSwiftTestTests */,
				EE28E02220C3CAFC003969D1 /* FunctionSwiftTestUITests */,
			);
		};
/* End PBXProject section */

/* Begin PBXResourcesBuildPhase section */
		EE28E00220C3CAFA003969D1 /* Resources */ = {
			isa = PBXResourcesBuildPhase;
			buildActionMask = 2147483647;
			files = (
				EE28E01220C3CAFB003969D1 /* LaunchScreen.storyboard in Resources */,
				EE28E00F20C3CAFB003969D1 /* Assets.xcassets in Resources */,
				EE28E00D20C3CAFA003969D1 /* Main.storyboard in Resources */,
			);
			runOnlyForDeploymentPostprocessing = 0;
		};
		EE28E01620C3CAFC003969D1 /* Resources */ = {
			isa = PBXResourcesBuildPhase;
			buildActionMask = 2147483647;
			files = (
			);
			runOnlyForDeploymentPostprocessing = 0;
		};
		EE28E02120C3CAFC003969D1 /* Resources */ = {
			isa = PBXResourcesBuildPhase;
			buildActionMask = 2147483647;
			files = (
			);
			runOnlyForDeploymentPostprocessing = 0;
		};
/* End PBXResourcesBuildPhase section */

/* Begin PBXSourcesBuildPhase section */
		EE28E00020C3CAFA003969D1 /* Sources */ = {
			isa = PBXSourcesBuildPhase;
			buildActionMask = 2147483647;
			files = (
				EE28E00A20C3CAFA003969D1 /* ViewController.swift in Sources */,
				54CD821A20E38E43003F3DE0 /* ArrayExt.swift in Sources */,
				8A54276020E8A4B5004C43ED /* SessionOne.swift in Sources */,
				8AE169A320DF912A00601C49 /* ImageExt.swift in Sources */,
				8AE169A120DF903000601C49 /* ShipRegion.swift in Sources */,
				EE28E00820C3CAFA003969D1 /* AppDelegate.swift in Sources */,
				54C01ADC210A0522006F2840 /* EnumTest.swift in Sources */,
			);
			runOnlyForDeploymentPostprocessing = 0;
		};
		EE28E01420C3CAFC003969D1 /* Sources */ = {
			isa = PBXSourcesBuildPhase;
			buildActionMask = 2147483647;
			files = (
				EE28E01D20C3CAFC003969D1 /* FunctionSwiftTestTests.swift in Sources */,
			);
			runOnlyForDeploymentPostprocessing = 0;
		};
		EE28E01F20C3CAFC003969D1 /* Sources */ = {
			isa = PBXSourcesBuildPhase;
			buildActionMask = 2147483647;
			files = (
				EE28E02820C3CAFC003969D1 /* FunctionSwiftTestUITests.swift in Sources */,
			);
			runOnlyForDeploymentPostprocessing = 0;
		};
/* End PBXSourcesBuildPhase section */

/* Begin PBXTargetDependency section */
		EE28E01A20C3CAFC003969D1 /* PBXTargetDependency */ = {
			isa = PBXTargetDependency;
			target = EE28E00320C3CAFA003969D1 /* FunctionSwiftTest */;
			targetProxy = EE28E01920C3CAFC003969D1 /* PBXContainerItemProxy */;
		};
		EE28E02520C3CAFC003969D1 /* PBXTargetDependency */ = {
			isa = PBXTargetDependency;
			target = EE28E00320C3CAFA003969D1 /* FunctionSwiftTest */;
			targetProxy = EE28E02420C3CAFC003969D1 /* PBXContainerItemProxy */;
		};
/* End PBXTargetDependency section */

/* Begin PBXVariantGroup section */
		EE28E00B20C3CAFA003969D1 /* Main.storyboard */ = {
			isa = PBXVariantGroup;
			children = (
				EE28E00C20C3CAFA003969D1 /* Base */,
			);
			name = Main.storyboard;
			sourceTree = "<group>";
		};
		EE28E01020C3CAFB003969D1 /* LaunchScreen.storyboard */ = {
			isa = PBXVariantGroup;
			children = (
				EE28E01120C3CAFB003969D1 /* Base */,
			);
			name = LaunchScreen.storyboard;
			sourceTree = "<group>";
		};
/* End PBXVariantGroup section */

/* Begin XCBuildConfiguration section */
		EE28E02A20C3CAFC003969D1 /* Debug */ = {
			isa = XCBuildConfiguration;
			buildSettings = {
				ALWAYS_SEARCH_USER_PATHS = NO;
				CLANG_ANALYZER_NONNULL = YES;
				CLANG_ANALYZER_NUMBER_OBJECT_CONVERSION = YES_AGGRESSIVE;
				CLANG_CXX_LANGUAGE_STANDARD = "gnu++14";
				CLANG_CXX_LIBRARY = "libc++";
				CLANG_ENABLE_MODULES = YES;
				CLANG_ENABLE_OBJC_ARC = YES;
				CLANG_ENABLE_OBJC_WEAK = YES;
				CLANG_WARN_BLOCK_CAPTURE_AUTORELEASING = YES;
				CLANG_WARN_BOOL_CONVERSION = YES;
				CLANG_WARN_COMMA = YES;
				CLANG_WARN_CONSTANT_CONVERSION = YES;
				CLANG_WARN_DEPRECATED_OBJC_IMPLEMENTATIONS = YES;
				CLANG_WARN_DIRECT_OBJC_ISA_USAGE = YES_ERROR;
				CLANG_WARN_DOCUMENTATION_COMMENTS = YES;
				CLANG_WARN_EMPTY_BODY = YES;
				CLANG_WARN_ENUM_CONVERSION = YES;
				CLANG_WARN_INFINITE_RECURSION = YES;
				CLANG_WARN_INT_CONVERSION = YES;
				CLANG_WARN_NON_LITERAL_NULL_CONVERSION = YES;
				CLANG_WARN_OBJC_IMPLICIT_RETAIN_SELF = YES;
				CLANG_WARN_OBJC_LITERAL_CONVERSION = YES;
				CLANG_WARN_OBJC_ROOT_CLASS = YES_ERROR;
				CLANG_WARN_RANGE_LOOP_ANALYSIS = YES;
				CLANG_WARN_STRICT_PROTOTYPES = YES;
				CLANG_WARN_SUSPICIOUS_MOVE = YES;
				CLANG_WARN_UNGUARDED_AVAILABILITY = YES_AGGRESSIVE;
				CLANG_WARN_UNREACHABLE_CODE = YES;
				CLANG_WARN__DUPLICATE_METHOD_MATCH = YES;
				CODE_SIGN_IDENTITY = "iPhone Developer";
				COPY_PHASE_STRIP = NO;
				DEBUG_INFORMATION_FORMAT = dwarf;
				ENABLE_STRICT_OBJC_MSGSEND = YES;
				ENABLE_TESTABILITY = YES;
				GCC_C_LANGUAGE_STANDARD = gnu11;
				GCC_DYNAMIC_NO_PIC = NO;
				GCC_NO_COMMON_BLOCKS = YES;
				GCC_OPTIMIZATION_LEVEL = 0;
				GCC_PREPROCESSOR_DEFINITIONS = (
					"DEBUG=1",
					"$(inherited)",
				);
				GCC_WARN_64_TO_32_BIT_CONVERSION = YES;
				GCC_WARN_ABOUT_RETURN_TYPE = YES_ERROR;
				GCC_WARN_UNDECLARED_SELECTOR = YES;
				GCC_WARN_UNINITIALIZED_AUTOS = YES_AGGRESSIVE;
				GCC_WARN_UNUSED_FUNCTION = YES;
				GCC_WARN_UNUSED_VARIABLE = YES;
				IPHONEOS_DEPLOYMENT_TARGET = 11.4;
				MTL_ENABLE_DEBUG_INFO = YES;
				ONLY_ACTIVE_ARCH = YES;
				SDKROOT = iphoneos;
				SWIFT_ACTIVE_COMPILATION_CONDITIONS = DEBUG;
				SWIFT_OPTIMIZATION_LEVEL = "-Onone";
			};
			name = Debug;
		};
		EE28E02B20C3CAFC003969D1 /* Release */ = {
			isa = XCBuildConfiguration;
			buildSettings = {
				ALWAYS_SEARCH_USER_PATHS = NO;
				CLANG_ANALYZER_NONNULL = YES;
				CLANG_ANALYZER_NUMBER_OBJECT_CONVERSION = YES_AGGRESSIVE;
				CLANG_CXX_LANGUAGE_STANDARD = "gnu++14";
				CLANG_CXX_LIBRARY = "libc++";
				CLANG_ENABLE_MODULES = YES;
				CLANG_ENABLE_OBJC_ARC = YES;
				CLANG_ENABLE_OBJC_WEAK = YES;
				CLANG_WARN_BLOCK_CAPTURE_AUTORELEASING = YES;
				CLANG_WARN_BOOL_CONVERSION = YES;
				CLANG_WARN_COMMA = YES;
				CLANG_WARN_CONSTANT_CONVERSION = YES;
				CLANG_WARN_DEPRECATED_OBJC_IMPLEMENTATIONS = YES;
				CLANG_WARN_DIRECT_OBJC_ISA_USAGE = YES_ERROR;
				CLANG_WARN_DOCUMENTATION_COMMENTS = YES;
				CLANG_WARN_EMPTY_BODY = YES;
				CLANG_WARN_ENUM_CONVERSION = YES;
				CLANG_WARN_INFINITE_RECURSION = YES;
				CLANG_WARN_INT_CONVERSION = YES;
				CLANG_WARN_NON_LITERAL_NULL_CONVERSION = YES;
				CLANG_WARN_OBJC_IMPLICIT_RETAIN_SELF = YES;
				CLANG_WARN_OBJC_LITERAL_CONVERSION = YES;
				CLANG_WARN_OBJC_ROOT_CLASS = YES_ERROR;
				CLANG_WARN_RANGE_LOOP_ANALYSIS = YES;
				CLANG_WARN_STRICT_PROTOTYPES = YES;
				CLANG_WARN_SUSPICIOUS_MOVE = YES;
				CLANG_WARN_UNGUARDED_AVAILABILITY = YES_AGGRESSIVE;
				CLANG_WARN_UNREACHABLE_CODE = YES;
				CLANG_WARN__DUPLICATE_METHOD_MATCH = YES;
				CODE_SIGN_IDENTITY = "iPhone Developer";
				COPY_PHASE_STRIP = NO;
				DEBUG_INFORMATION_FORMAT = "dwarf-with-dsym";
				ENABLE_NS_ASSERTIONS = NO;
				ENABLE_STRICT_OBJC_MSGSEND = YES;
				GCC_C_LANGUAGE_STANDARD = gnu11;
				GCC_NO_COMMON_BLOCKS = YES;
				GCC_WARN_64_TO_32_BIT_CONVERSION = YES;
				GCC_WARN_ABOUT_RETURN_TYPE = YES_ERROR;
				GCC_WARN_UNDECLARED_SELECTOR = YES;
				GCC_WARN_UNINITIALIZED_AUTOS = YES_AGGRESSIVE;
				GCC_WARN_UNUSED_FUNCTION = YES;
				GCC_WARN_UNUSED_VARIABLE = YES;
				IPHONEOS_DEPLOYMENT_TARGET = 11.4;
				MTL_ENABLE_DEBUG_INFO = NO;
				SDKROOT = iphoneos;
				SWIFT_COMPILATION_MODE = wholemodule;
				SWIFT_OPTIMIZATION_LEVEL = "-O";
				VALIDATE_PRODUCT = YES;
			};
			name = Release;
		};
		EE28E02D20C3CAFC003969D1 /* Debug */ = {
			isa = XCBuildConfiguration;
			buildSettings = {
				ASSETCATALOG_COMPILER_APPICON_NAME = AppIcon;
				CODE_SIGN_STYLE = Automatic;
				INFOPLIST_FILE = FunctionSwiftTest/Info.plist;
				LD_RUNPATH_SEARCH_PATHS = (
					"$(inherited)",
					"@executable_path/Frameworks",
				);
				PRODUCT_BUNDLE_IDENTIFIER = WS.FunctionSwiftTest;
				PRODUCT_NAME = "$(TARGET_NAME)";
				SWIFT_VERSION = 4.2;
				TARGETED_DEVICE_FAMILY = "1,2";
			};
			name = Debug;
		};
		EE28E02E20C3CAFC003969D1 /* Release */ = {
			isa = XCBuildConfiguration;
			buildSettings = {
				ASSETCATALOG_COMPILER_APPICON_NAME = AppIcon;
				CODE_SIGN_STYLE = Automatic;
				INFOPLIST_FILE = FunctionSwiftTest/Info.plist;
				LD_RUNPATH_SEARCH_PATHS = (
					"$(inherited)",
					"@executable_path/Frameworks",
				);
				PRODUCT_BUNDLE_IDENTIFIER = WS.FunctionSwiftTest;
				PRODUCT_NAME = "$(TARGET_NAME)";
				SWIFT_VERSION = 4.2;
				TARGETED_DEVICE_FAMILY = "1,2";
			};
			name = Release;
		};
		EE28E03020C3CAFC003969D1 /* Debug */ = {
			isa = XCBuildConfiguration;
			buildSettings = {
				ALWAYS_EMBED_SWIFT_STANDARD_LIBRARIES = YES;
				BUNDLE_LOADER = "$(TEST_HOST)";
				CODE_SIGN_STYLE = Automatic;
				INFOPLIST_FILE = FunctionSwiftTestTests/Info.plist;
				LD_RUNPATH_SEARCH_PATHS = (
					"$(inherited)",
					"@executable_path/Frameworks",
					"@loader_path/Frameworks",
				);
				PRODUCT_BUNDLE_IDENTIFIER = WS.FunctionSwiftTestTests;
				PRODUCT_NAME = "$(TARGET_NAME)";
				SWIFT_VERSION = 4.0;
				TARGETED_DEVICE_FAMILY = "1,2";
				TEST_HOST = "$(BUILT_PRODUCTS_DIR)/FunctionSwiftTest.app/FunctionSwiftTest";
			};
			name = Debug;
		};
		EE28E03120C3CAFC003969D1 /* Release */ = {
			isa = XCBuildConfiguration;
			buildSettings = {
				ALWAYS_EMBED_SWIFT_STANDARD_LIBRARIES = YES;
				BUNDLE_LOADER = "$(TEST_HOST)";
				CODE_SIGN_STYLE = Automatic;
				INFOPLIST_FILE = FunctionSwiftTestTests/Info.plist;
				LD_RUNPATH_SEARCH_PATHS = (
					"$(inherited)",
					"@executable_path/Frameworks",
					"@loader_path/Frameworks",
				);
				PRODUCT_BUNDLE_IDENTIFIER = WS.FunctionSwiftTestTests;
				PRODUCT_NAME = "$(TARGET_NAME)";
				SWIFT_VERSION = 4.0;
				TARGETED_DEVICE_FAMILY = "1,2";
				TEST_HOST = "$(BUILT_PRODUCTS_DIR)/FunctionSwiftTest.app/FunctionSwiftTest";
			};
			name = Release;
		};
		EE28E03320C3CAFC003969D1 /* Debug */ = {
			isa = XCBuildConfiguration;
			buildSettings = {
				ALWAYS_EMBED_SWIFT_STANDARD_LIBRARIES = YES;
				CODE_SIGN_STYLE = Automatic;
				INFOPLIST_FILE = FunctionSwiftTestUITests/Info.plist;
				LD_RUNPATH_SEARCH_PATHS = (
					"$(inherited)",
					"@executable_path/Frameworks",
					"@loader_path/Frameworks",
				);
				PRODUCT_BUNDLE_IDENTIFIER = WS.FunctionSwiftTestUITests;
				PRODUCT_NAME = "$(TARGET_NAME)";
				SWIFT_VERSION = 4.0;
				TARGETED_DEVICE_FAMILY = "1,2";
				TEST_TARGET_NAME = FunctionSwiftTest;
			};
			name = Debug;
		};
		EE28E03420C3CAFC003969D1 /* Release */ = {
			isa = XCBuildConfiguration;
			buildSettings = {
				ALWAYS_EMBED_SWIFT_STANDARD_LIBRARIES = YES;
				CODE_SIGN_STYLE = Automatic;
				INFOPLIST_FILE = FunctionSwiftTestUITests/Info.plist;
				LD_RUNPATH_SEARCH_PATHS = (
					"$(inherited)",
					"@executable_path/Frameworks",
					"@loader_path/Frameworks",
				);
				PRODUCT_BUNDLE_IDENTIFIER = WS.FunctionSwiftTestUITests;
				PRODUCT_NAME = "$(TARGET_NAME)";
				SWIFT_VERSION = 4.0;
				TARGETED_DEVICE_FAMILY = "1,2";
				TEST_TARGET_NAME = FunctionSwiftTest;
			};
			name = Release;
		};
/* End XCBuildConfiguration section */

/* Begin XCConfigurationList section */
		EE28DFFF20C3CAFA003969D1 /* Build configuration list for PBXProject "FunctionSwiftTest" */ = {
			isa = XCConfigurationList;
			buildConfigurations = (
				EE28E02A20C3CAFC003969D1 /* Debug */,
				EE28E02B20C3CAFC003969D1 /* Release */,
			);
			defaultConfigurationIsVisible = 0;
			defaultConfigurationName = Release;
		};
		EE28E02C20C3CAFC003969D1 /* Build configuration list for PBXNativeTarget "FunctionSwiftTest" */ = {
			isa = XCConfigurationList;
			buildConfigurations = (
				EE28E02D20C3CAFC003969D1 /* Debug */,
				EE28E02E20C3CAFC003969D1 /* Release */,
			);
			defaultConfigurationIsVisible = 0;
			defaultConfigurationName = Release;
		};
		EE28E02F20C3CAFC003969D1 /* Build configuration list for PBXNativeTarget "FunctionSwiftTestTests" */ = {
			isa = XCConfigurationList;
			buildConfigurations = (
				EE28E03020C3CAFC003969D1 /* Debug */,
				EE28E03120C3CAFC003969D1 /* Release */,
			);
			defaultConfigurationIsVisible = 0;
			defaultConfigurationName = Release;
		};
		EE28E03220C3CAFC003969D1 /* Build configuration list for PBXNativeTarget "FunctionSwiftTestUITests" */ = {
			isa = XCConfigurationList;
			buildConfigurations = (
				EE28E03320C3CAFC003969D1 /* Debug */,
				EE28E03420C3CAFC003969D1 /* Release */,
			);
			defaultConfigurationIsVisible = 0;
			defaultConfigurationName = Release;
		};
/* End XCConfigurationList section */
	};
	rootObject = EE28DFFC20C3CAFA003969D1 /* Project object */;
}
